{
    "name": "lime-vscode-extension",
    "version": "1.2.2",
    "lockfileVersion": 1,
    "requires": true,
    "dependencies": {
        "semver": {
            "version": "5.6.0",
            "resolved": "https://registry.npmjs.org/semver/-/semver-5.6.0.tgz",
            "integrity": "sha512-RS9R6R35NYgQn++fkDWaOmqGoj4Ek9gGs+DPxNUZKuwE183xjJroKvyo1IzVFeXvUrvmALy6FWD5xrdJT25gMg==",
            "dev": true
        },
        "vscode-debugadapter-extern": {
            "version": "github:vshaxe/vscode-debugadapter-extern#32992f8bbb969befff9c45fb5e2174569aa62e04",
            "from": "github:vshaxe/vscode-debugadapter-extern",
            "dev": true
        },
        "vscode-jsonrpc": {
            "version": "4.0.0",
            "resolved": "https://registry.npmjs.org/vscode-jsonrpc/-/vscode-jsonrpc-4.0.0.tgz",
            "integrity": "sha512-perEnXQdQOJMTDFNv+UF3h1Y0z4iSiaN9jIlb0OqIYgosPCZGYh/MCUlkFtV2668PL69lRDO32hmvL2yiidUYg==",
            "dev": true
        },
        "vshaxe": {
            "version": "github:vshaxe/vshaxe#abbae4e57887e1c4b1ba4dec359f7cf36132e5be",
            "from": "github:vshaxe/vshaxe",
            "dev": true,
            "requires": {
                "vscode-languageclient": "5.3.0-next.3"
            },
            "dependencies": {
                "vscode-languageclient": {
                    "version": "5.3.0-next.3",
                    "resolved": "https://registry.npmjs.org/vscode-languageclient/-/vscode-languageclient-5.3.0-next.3.tgz",
                    "integrity": "sha512-8yMmSYPsMeX6tYCtNDbi5MvzOgDO67ol4YM5oW0MsjzP7ygOgfGqf0+zGXgOV6t+7aqanjTOsSGxZX3FsO8/ig==",
                    "dev": true,
                    "requires": {
                        "semver": "^5.5.0",
                        "vscode-languageserver-protocol": "3.15.0-next.3"
                    }
                },
                "vscode-languageserver-protocol": {
                    "version": "3.15.0-next.3",
                    "resolved": "https://registry.npmjs.org/vscode-languageserver-protocol/-/vscode-languageserver-protocol-3.15.0-next.3.tgz",
                    "integrity": "sha512-UzgfXgo+2FgRj27mx2IRUyq/PYkqoh0Cy2OZsao6IGK9LNBTi5n5dICaZw4dzSCJCX8MtbkQ17oCNjcPNy+a+g==",
                    "dev": true,
                    "requires": {
                        "vscode-jsonrpc": "^4.0.0",
                        "vscode-languageserver-types": "3.15.0-next.1"
                    }
                },
                "vscode-languageserver-types": {
                    "version": "3.15.0-next.1",
                    "resolved": "https://registry.npmjs.org/vscode-languageserver-types/-/vscode-languageserver-types-3.15.0-next.1.tgz",
                    "integrity": "sha512-R0kzmaI8gOGEoU7b9huYQAzgZzRQ/5Q8HKjsIUdfz0MjXcBZ4tr1ik1So1p1O5kGrI1VTCd22Fw/wI7ECGoIPw==",
                    "dev": true
                }
            }
        }
    }
}
